github.com/hugomods/icons v0.6.4 h1:SeDMpN2kjc8mbuXfi8zED4IN5IGZmqJdmmUQr9tIpxw=
github.com/hugomods/icons v0.6.4/go.mod h1:cIkSvK6W0q6N4U6n9KGz+QfRWQXAW0INd+1P31gPNGg=
github.com/hugomods/icons/vendors/lucide v0.3.38 h1:Tgd7ukLN41MSEsYOHJfkHp9Uyn9zH3r8GqC5HycNAk4=
github.com/hugomods/icons/vendors/lucide v0.3.38/go.mod h1:SE34c2Z0QmYILU9gKRyU++s7Tra8datrpuVQaClX3so=
